# This file is autogenerated, do not edit; changes may be undone by the next 'dep ensure'.


[[projects]]
  branch = "master"
  digest = "1:ef98942770803ae37c4787ad6bf70e401c99834dfba5e3034b97ba7c24e66c10"
  name = "github.com/apparentlymart/go-cidr"
  packages = ["cidr"]
  pruneopts = "NUT"
  revision = "2bd8b58cf4275aeb086ade613de226773e29e853"

[[projects]]
  branch = "master"
  digest = "1:ed9d4acc2992bf49b1cbb946dc02da2a0da2e4aba7d0674d89a13b856735dea0"
  name = "github.com/armon/go-metrics"
  packages = ["."]
  pruneopts = "NUT"
  revision = "0a12dc6f6b9da6da644031a1b9b5a85478c5ee27"

[[projects]]
  branch = "master"
  digest = "1:50dba5c53c526d131059a349872dd0db092e58d555748b1c59fa566735f2fab7"
  name = "github.com/armon/go-radix"
  packages = ["."]
  pruneopts = "NUT"
  revision = "1fca145dffbcaa8fe914309b1ec0cfc67500fe61"

[[projects]]
  digest = "1:450d7bca71b801f27efe0cc44b45ca07fe36d5ecaf8cc6eebf22b82a949d247f"
  name = "github.com/aws/aws-sdk-go"
  packages = [
    "aws",
    "aws/awserr",
    "aws/awsutil",
    "aws/client",
    "aws/client/metadata",
    "aws/corehandlers",
    "aws/credentials",
    "aws/credentials/ec2rolecreds",
    "aws/credentials/endpointcreds",
    "aws/credentials/stscreds",
    "aws/defaults",
    "aws/ec2metadata",
    "aws/endpoints",
    "aws/request",
    "aws/session",
    "aws/signer/v4",
    "internal/shareddefaults",
    "private/protocol",
    "private/protocol/query",
    "private/protocol/query/queryutil",
    "private/protocol/rest",
    "private/protocol/restxml",
    "private/protocol/xml/xmlutil",
    "service/s3",
    "service/sts",
  ]
  pruneopts = "NUT"
  revision = "88849eea79e8e48241987b1f0a11a7a0dcbb7716"
  version = "v1.10.46"

[[projects]]
  branch = "master"
  digest = "1:37011b20a70e205b93ebea5287e1afa5618db54bf3998c36ff5a8e4b146a170a"
  name = "github.com/bgentry/go-netrc"
  packages = ["netrc"]
  pruneopts = "NUT"
  revision = "9fd32a8b3d3d3f9d43c341bfe098430e07609480"

[[projects]]
  digest = "1:aef384a4c419ec6504905842b9c70c6a800d95db9eb7543f54c061f4e3aee23b"
  name = "github.com/bgentry/speakeasy"
  packages = ["."]
  pruneopts = "NUT"
  revision = "4aabc24848ce5fd31929f7d1e4ea74d3709c14cd"
  version = "v0.1.0"

[[projects]]
  digest = "1:aba270497eb2d49f5cba6f4162d524b9a1195a24cbce8be20bf56a0051f47deb"
  name = "github.com/blang/semver"
  packages = ["."]
  pruneopts = "NUT"
  revision = "2ee87856327ba09384cabd113bc6b5d174e9ec0f"
  version = "v3.5.1"

[[projects]]
  digest = "1:021d6ee454d87208dd1cd731cd702d3521aa8a51ad2072fa7beffbb3d677d8bb"
  name = "github.com/go-ini/ini"
  packages = ["."]
  pruneopts = "NUT"
  revision = "20b96f641a5ea98f2f8619ff4f3e061cff4833bd"
  version = "v1.28.2"

[[projects]]
  digest = "1:dcb061e64676cf9b26e3f6339541b5b9b30d39e16e1d6dd12951e4770356debe"
  name = "github.com/golang/protobuf"
  packages = [
    "proto",
    "ptypes",
    "ptypes/any",
    "ptypes/duration",
    "ptypes/timestamp",
    "ptypes/wrappers",
  ]
  pruneopts = "NUT"
  revision = "b5d812f8a3706043e23a9cd5babf2e5423744d30"
  version = "v1.3.1"

[[projects]]
  digest = "1:412beefef71413b580631c12a681ba2acab1ffdad9f967c38ed37e19fd101631"
  name = "github.com/gorhill/cronexpr"
  packages = ["."]
  pruneopts = "NUT"
  revision = "a557574d6c024ed6e36acc8b610f5f211c91568a"
  version = "1.0.0"

[[projects]]
  digest = "1:d5344bb08f1d8dc55f9a513ac4f971a9c8baeb73690b7cde56f4fe8a9143ef62"
  name = "github.com/gorilla/websocket"
  packages = ["."]
  pruneopts = "NUT"
  revision = "c3e18be99d19e6b3e8f1559eea2c161a665c4b6b"
  version = "v1.4.1"

[[projects]]
  digest = "1:c17c26d41a797e4377bbd26e2ca8dfb4103624a7509f7e4e62e262d720c42dcd"
  name = "github.com/hashicorp/consul"
  packages = ["api"]
  pruneopts = "NUT"
  revision = "112c0603d3d6fb23ab5f15e8fdb1a761da8eaf9a"
  version = "v0.9.3"

[[projects]]
  branch = "master"
  digest = "1:f0d9d74edbd40fdeada436d5ac9cb5197407899af3fef85ff0137077ffe8ae19"
  name = "github.com/hashicorp/errwrap"
  packages = ["."]
  pruneopts = "NUT"
  revision = "7554cd9344cec97297fa6649b055a8c98c2a1e55"

[[projects]]
  branch = "master"
  digest = "1:7b699584752575e81e3f4e8b00cfb3e5d6fa5419d5d212ef925e02c798847464"
  name = "github.com/hashicorp/go-cleanhttp"
  packages = ["."]
  pruneopts = "NUT"
  revision = "3573b8b52aa7b37b9358d966a898feb387f62437"

[[projects]]
  branch = "master"
  digest = "1:8fde6806992e49cb27425f25a2ba22c72040d6a65b9a959ea79172bcc608e6b4"
  name = "github.com/hashicorp/go-getter"
  packages = [
    ".",
    "helper/url",
  ]
  pruneopts = "NUT"
  revision = "56c651a79a6eec93e6ef074fe9e57fefb26b8b85"

[[projects]]
  digest = "1:f6294942c026c7c420ee9d1f6ab4456aa4d0b6e7574fdd324aa59f0ce27f7f5a"
  name = "github.com/hashicorp/go-hclog"
  packages = ["."]
  pruneopts = "NUT"
  revision = "6907afbebd2eef854f0be9194eb79b0ba75d7b29"
  version = "v0.8.0"

[[projects]]
  branch = "master"
  digest = "1:6656b0abdbbe0e708acfa830c63508688c7e00359f00cd3c5913a9f8ecafeaae"
  name = "github.com/hashicorp/go-immutable-radix"
  packages = ["."]
  pruneopts = "NUT"
  revision = "8aac2701530899b64bdea735a1de8da899815220"

[[projects]]
  branch = "master"
  digest = "1:caf220d32af01b3899cfa5d37bdc9cf41c424519e74a6c74d9aec00c45f07adc"
  name = "github.com/hashicorp/go-msgpack"
  packages = ["codec"]
  pruneopts = "NUT"
  revision = "fa3f63826f7c23912c15263591e65d54d080b458"

[[projects]]
  branch = "master"
  digest = "1:4d55897d00e9b53c1c716e8fe504de3d21bec8edba0a330bfaa87902695e46e2"
  name = "github.com/hashicorp/go-multierror"
  packages = ["."]
  pruneopts = "NUT"
  revision = "83588e72410abfbe4df460eeb6f30841ae47d4c4"

[[projects]]
  digest = "1:9c9cfa6dd8c0b69bfc8beeccd9b033e9277040a1a72ad063acb0b887b2b5609b"
  name = "github.com/hashicorp/go-plugin"
  packages = [
    ".",
    "internal/plugin",
  ]
  pruneopts = "NUT"
  revision = "52e1c4730856c1438ced7597c9b5c585a7bd06a2"
  version = "v1.0.0"

[[projects]]
  branch = "master"
  digest = "1:cdb5ce76cd7af19e3d2d5ba9b6458a2ee804f0d376711215dd3df5f51100d423"
  name = "github.com/hashicorp/go-rootcerts"
  packages = ["."]
  pruneopts = "NUT"
  revision = "6bb64b370b90e7ef1fa532be9e591a81c3493e00"

[[projects]]
  branch = "master"
  digest = "1:6c1c337aab3268149ef3fe6256dc79cc1abffa2269d3b222d00913956f317328"
  name = "github.com/hashicorp/go-uuid"
  packages = ["."]
  pruneopts = "NUT"
  revision = "64130c7a86d732268a38cb04cfbaf0cc987fda98"

[[projects]]
  branch = "master"
  digest = "1:f7b3db9cb74d13f6a7cf84b3801e68585745eacaf7d40cc10ecc4734c30503d3"
  name = "github.com/hashicorp/go-version"
  packages = ["."]
  pruneopts = "NUT"
  revision = "fc61389e27c71d120f87031ca8c88a3428f372dd"

[[projects]]
  branch = "master"
  digest = "1:892e13370cbfcda090d8f7676ef67b50cb2ead5460b72f3a1c2bb1c19e9a57de"
  name = "github.com/hashicorp/golang-lru"
  packages = [
    ".",
    "simplelru",
  ]
  pruneopts = "NUT"
  revision = "0a025b7e63adc15a622f29b0b2c4c3848243bbf6"

[[projects]]
  branch = "master"
  digest = "1:122cd8aabb2fe31050e3af958aa37b3e5f475ed823fa171f4f1d27e7fe5a0f9f"
  name = "github.com/hashicorp/hcl"
  packages = [
    ".",
    "hcl/ast",
    "hcl/parser",
    "hcl/scanner",
    "hcl/strconv",
    "hcl/token",
    "json/parser",
    "json/scanner",
    "json/token",
  ]
  pruneopts = "NUT"
  revision = "68e816d1c783414e79bc65b3994d9ab6b0a722ab"

[[projects]]
  branch = "master"
  digest = "1:0ba5dadb581f036a9d1e7a6fa9101ace3291334c86c1a6965adc43de64b2df3e"
  name = "github.com/hashicorp/hil"
  packages = [
    ".",
    "ast",
    "parser",
    "scanner",
  ]
  pruneopts = "NUT"
  revision = "fa9f258a92500514cc8e9c67020487709df92432"

[[projects]]
  digest = "1:80bbe8bd44492988660ba1ef1863a417a65c8a078b6cd5a03d2e920b89dcc99c"
  name = "github.com/hashicorp/nomad"
  packages = [
    "acl",
    "api",
    "api/contexts",
    "helper",
    "helper/args",
    "helper/flag-helpers",
    "helper/flatmap",
    "helper/uuid",
    "jobspec",
    "lib/kheap",
    "nomad/structs",
    "plugins/shared/structs",
    "plugins/shared/structs/proto",
  ]
  pruneopts = "NUT"
  revision = "8aab33b63b39945b3cd6aa1f0b6e4a1132a34992"
  version = "v0.10.1"

[[projects]]
  branch = "library-v2-stage-one"
  digest = "1:544ff85fc54fe5c7ed27b1d292ef82253d4ef7a4b854696774ee61049b0cbcdc"
  name = "github.com/hashicorp/raft"
  packages = ["."]
  pruneopts = "NUT"
  revision = "c837e57a6077e74a4a3749959fb6cfefc26d7705"

[[projects]]
  digest = "1:0dd7b7b01769f9df356dc99f9e4144bdbabf6c79041ea7c0892379c5737f3c44"
  name = "github.com/hashicorp/serf"
  packages = ["coordinate"]
  pruneopts = "NUT"
  revision = "d6574a5bb1226678d7010325fb6c985db20ee458"
  version = "v0.8.1"

[[projects]]
  digest = "1:b38a92691ed793d5cbdc70eac8045520301833e81a7e4b507490be913ee76c8e"
  name = "github.com/hashicorp/terraform"
  packages = [
    "config",
    "helper/hilmapstructure",
    "plugin/discovery",
  ]
  pruneopts = "NUT"
  revision = "1f054df7525613cccbbc705d639024cb8ac2264a"
  version = "v0.10.5"

[[projects]]
  branch = "master"
  digest = "1:8deb0c5545c824dfeb0ac77ab8eb67a3d541eab76df5c85ce93064ef02d44cd0"
  name = "github.com/hashicorp/yamux"
  packages = ["."]
  pruneopts = "NUT"
  revision = "2f1d1f20f75d5404f53b9edf6b53ed5505508675"

[[projects]]
  digest = "1:7c818eb119c69fc685573449e8f799596ba81827074b006ff0cb71052424f254"
  name = "github.com/jmespath/go-jmespath"
  packages = ["."]
  pruneopts = "NUT"
  revision = "3433f3ea46d9f8019119e7dd41274e112a2359a9"
  version = "0.2.2"

[[projects]]
  digest = "1:89e4861dccb76fd84b7de2d88791cc8d23e125805397db27195b4dd83c459713"
  name = "github.com/mattn/go-isatty"
  packages = ["."]
  pruneopts = "NUT"
  revision = "fc9e8d8ef48496124e79ae0df75490096eccf6fe"
  version = "v0.0.2"

[[projects]]
  branch = "master"
  digest = "1:8637a763529a1ca2b203f911dd681e4ce7f417313144437242b0f4a57d21540b"
  name = "github.com/mitchellh/cli"
  packages = ["."]
  pruneopts = "NUT"
  revision = "65fcae5817c8600da98ada9d7edf26dd1a84837b"

[[projects]]
  branch = "master"
  digest = "1:1e5a8bf6fb005f1808852ad1a4bedb7b4b3291af90dec12c4c9e4a955a42c9b2"
  name = "github.com/mitchellh/copystructure"
  packages = ["."]
  pruneopts = "NUT"
  revision = "d23ffcb85de31694d6ccaa23ccb4a03e55c1303f"

[[projects]]
  branch = "master"
  digest = "1:b62c4f18ad6eb454ac5253e7791ded3d7867330015ca4b37b6336e57f514585e"
  name = "github.com/mitchellh/go-homedir"
  packages = ["."]
  pruneopts = "NUT"
  revision = "b8bc1bf767474819792c23f32d8286a45736f1c6"

[[projects]]
  branch = "master"
  digest = "1:98b00181a419c4eba646e6f693b6dc9fab6406ecdfe719f7a2a4615561419399"
  name = "github.com/mitchellh/go-testing-interface"
  packages = ["."]
  pruneopts = "NUT"
  revision = "7bf6f6eaf1bed2fd3c6c63114b18cb64facb9de2"

[[projects]]
  branch = "master"
  digest = "1:e34decedbcec12332c5836d16a6838f864e0b43c5b4f9aa9d9a85101015f87c2"
  name = "github.com/mitchellh/hashstructure"
  packages = ["."]
  pruneopts = "NUT"
  revision = "2bca23e0e452137f789efbc8610126fd8b94f73b"

[[projects]]
  branch = "master"
  digest = "1:6a65dcd0d14fc0595ee982afc3c59deb5b769ca374455c80c649d92f8a152930"
  name = "github.com/mitchellh/mapstructure"
  packages = ["."]
  pruneopts = "NUT"
  revision = "d0303fe809921458f417bcf828397a65db30a7e4"

[[projects]]
  branch = "master"
  digest = "1:44e35ced240c6d8316dc8d604a73774ab052d40ebe636fd8f2ba5934f6329034"
  name = "github.com/mitchellh/reflectwalk"
  packages = ["."]
  pruneopts = "NUT"
  revision = "63d60e9d0dbc60cf9164e6510889b0db6683d98c"

[[projects]]
  digest = "1:3b517122f3aad1ecce45a630ea912b3092b4729f25532a911d0cb2935a1f9352"
  name = "github.com/oklog/run"
  packages = ["."]
  pruneopts = "NUT"
  revision = "4dadeb3030eda0273a12382bb2348ffc7c9d1a39"
  version = "v1.0.0"

[[projects]]
  digest = "1:14715f705ff5dfe0ffd6571d7d201dd8e921030f8070321a79380d8ca4ec1a24"
  name = "github.com/pkg/errors"
  packages = ["."]
  pruneopts = "NUT"
  revision = "ba968bfe8b2f7e042a574c888954fccecfa385b4"
  version = "v0.8.1"

[[projects]]
  branch = "master"
  digest = "1:43aa25f2657aeae85998e7891086790881d2b374e25e5902825c670349b18a6c"
  name = "github.com/posener/complete"
  packages = [
    ".",
    "cmd",
    "cmd/install",
    "match",
  ]
  pruneopts = "NUT"
  revision = "88e59760adaddb8276c9b15511302890690e2dae"

[[projects]]
  digest = "1:a843c84ed9cc8eae19254fdfa2da839d6f6719f4ccba0abcdc134571ca964c2e"
  name = "github.com/rs/zerolog"
  packages = [
    ".",
    "internal/cbor",
    "internal/json",
    "log",
  ]
  pruneopts = "NUT"
  revision = "05eafee0eb17d0150591a8f30f0fa592cc9b7471"
  version = "v1.6.0"

[[projects]]
  digest = "1:09d61699d553a4e6ec998ad29816177b1f3d3ed0c18fe923d2c174ec065c99c8"
  name = "github.com/ryanuber/go-glob"
  packages = ["."]
  pruneopts = "NUT"
  revision = "51a8f68e6c24dc43f1e371749c89a267de4ebc53"
  version = "v1.0.0"

[[projects]]
  branch = "master"
  digest = "1:8254234e0dd7d374c31a35a2502641b0738c9594c2553834b6eb45d1ed5c62d3"
  name = "github.com/sean-/conswriter"
  packages = ["."]
  pruneopts = "NUT"
  revision = "f5ae3917a627f1aab86eedaac41b153e4097e4e8"

[[projects]]
  branch = "master"
  digest = "1:564386bf1b7d6f32540f83570cf972a502ccb891924c1f1bb3337e6ac079679b"
  name = "github.com/sean-/pager"
  packages = ["."]
  pruneopts = "NUT"
  revision = "666be9bf53b5257ca07b4a16227df91e104c0519"

[[projects]]
  branch = "master"
  digest = "1:dcda05abfeb8e19cdd5e69cb4a86ecea44769386926c7d1cc199e2c142feb1a6"
  name = "github.com/ugorji/go"
  packages = ["codec"]
  pruneopts = "NUT"
  revision = "8c0409fcbb70099c748d71f714529204975f6c3f"

[[projects]]
  digest = "1:07e8742c479bab0066149ad02a710024154e76874fd0a2dba002d87702725825"
  name = "github.com/ulikunitz/xz"
  packages = [
    ".",
    "internal/hash",
    "internal/xlog",
    "lzma",
  ]
  pruneopts = "NUT"
  revision = "0c6b41e72360850ca4f98dc341fd999726ea007f"
  version = "v0.5.4"

[[projects]]
  branch = "master"
  digest = "1:47c24d609cddc7e2ae1c87f321d9b4c4d63cdf73eacde0d3e348822ccd8c5bd7"
  name = "golang.org/x/crypto"
  packages = [
    "bcrypt",
    "blake2b",
    "blowfish",
    "cast5",
    "openpgp",
    "openpgp/armor",
    "openpgp/elgamal",
    "openpgp/errors",
    "openpgp/packet",
    "openpgp/s2k",
  ]
  pruneopts = "NUT"
  revision = "182538f80094b6a8efaade63a8fd8e0d9d5843dd"

[[projects]]
  branch = "master"
  digest = "1:28da1679d85017d02e7a99f73e0ed67ef97486989d25fa91f9f99b72d94be30d"
  name = "golang.org/x/net"
  packages = [
    "context",
    "html",
    "html/atom",
    "http2",
    "http2/hpack",
    "idna",
    "internal/timeseries",
    "lex/httplex",
    "trace",
  ]
  pruneopts = "NUT"
  revision = "8351a756f30f1297fe94bbf4b767ec589c6ea6d0"

[[projects]]
  branch = "master"
  digest = "1:cb7ca2b9dc6503f0f55cf60262efb693ff5e0cbb4a1128e45a81a6e42df73bad"
  name = "golang.org/x/sys"
  packages = [
    "cpu",
    "unix",
  ]
  pruneopts = "NUT"
  revision = "fa5fdf94c78965f1aa8423f0cc50b8b8d728b05a"

[[projects]]
  digest = "1:e7071ed636b5422cc51c0e3a6cebc229d6c9fffc528814b519a980641422d619"
  name = "golang.org/x/text"
  packages = [
    "collate",
    "collate/build",
    "internal/colltab",
    "internal/gen",
    "internal/tag",
    "internal/triegen",
    "internal/ucd",
    "language",
    "secure/bidirule",
    "transform",
    "unicode/bidi",
    "unicode/cldr",
    "unicode/norm",
    "unicode/rangetable",
  ]
  pruneopts = "NUT"
  revision = "f21a4dfb5e38f5895301dc265a8def02365cc3d0"
  version = "v0.3.0"

[[projects]]
  branch = "master"
  digest = "1:c3076e7defee87de1236f1814beb588f40a75544c60121e6eb38b3b3721783e2"
  name = "google.golang.org/genproto"
  packages = ["googleapis/rpc/status"]
  pruneopts = "NUT"
  revision = "d1146b9035b912113a38af3b138eb2af567b2c67"

[[projects]]
  digest = "1:a053fd2605b0b8feabdd78d0ad522687ab08c0e32f92ea537fa68bbf56367133"
  name = "google.golang.org/grpc"
  packages = [
    ".",
    "balancer",
    "balancer/base",
    "balancer/roundrobin",
    "binarylog/grpc_binarylog_v1",
    "codes",
    "connectivity",
    "credentials",
    "credentials/internal",
    "encoding",
    "encoding/proto",
    "grpclog",
    "health",
    "health/grpc_health_v1",
    "internal",
    "internal/backoff",
    "internal/balancerload",
    "internal/binarylog",
    "internal/channelz",
    "internal/envconfig",
    "internal/grpcrand",
    "internal/grpcsync",
    "internal/syscall",
    "internal/transport",
    "keepalive",
    "metadata",
    "naming",
    "peer",
    "resolver",
    "resolver/dns",
    "resolver/passthrough",
    "stats",
    "status",
    "tap",
  ]
  pruneopts = "NUT"
  revision = "236199dd5f8031d698fb64091194aecd1c3895b2"
  version = "v1.20.0"

[[projects]]
  branch = "v2"
  digest = "1:c85dc78b3426641ebf2a0bbf5b731b5c4613ddb5987dbe218f7e75468dcd56f5"
  name = "gopkg.in/yaml.v2"
  packages = ["."]
  pruneopts = "NUT"
  revision = "eb3733d160e74a9c7e442f435eb3bea458e1d19f"

[solve-meta]
  analyzer-name = "dep"
  analyzer-version = 1
  input-imports = [
    "github.com/hashicorp/consul/api",
    "github.com/hashicorp/nomad/api",
    "github.com/hashicorp/nomad/helper/flag-helpers",
    "github.com/hashicorp/nomad/jobspec",
    "github.com/hashicorp/nomad/nomad/structs",
    "github.com/hashicorp/terraform/config",
    "github.com/mattn/go-isatty",
    "github.com/mitchellh/cli",
    "github.com/pkg/errors",
    "github.com/rs/zerolog",
    "github.com/rs/zerolog/log",
    "github.com/sean-/conswriter",
    "gopkg.in/yaml.v2",
  ]
  solver-name = "gps-cdcl"
  solver-version = 1
